// !$*UTF8*$!
{
	archiveVersion = 1;
	classes = {
	};
	objectVersion = 46;
	objects = {

/* Begin PBXBuildFile section */
		D0C9711619762481006D8B96 /* FWLoggerObjC.h in Headers */ = {isa = PBXBuildFile; fileRef = D0C9711519762481006D8B96 /* FWLoggerObjC.h */; settings = {ATTRIBUTES = (Public, ); }; };
		D0C9711819762492006D8B96 /* FWLoggerObjC.m in Sources */ = {isa = PBXBuildFile; fileRef = D0C9711719762492006D8B96 /* FWLoggerObjC.m */; };
		D0C9711B19762D0E006D8B96 /* FWLoggerSwift.swift in Sources */ = {isa = PBXBuildFile; fileRef = D0C9711A19762D0E006D8B96 /* FWLoggerSwift.swift */; };
		D0FCC39E1940B72A009F4D89 /* ExamFramework.h in Headers */ = {isa = PBXBuildFile; fileRef = D0FCC39D1940B72A009F4D89 /* ExamFramework.h */; settings = {ATTRIBUTES = (Public, ); }; };
		D0FCC3E71940B9A4009F4D89 /* Calc.swift in Sources */ = {isa = PBXBuildFile; fileRef = D0FCC3E61940B9A4009F4D89 /* Calc.swift */; };
/* End PBXBuildFile section */

/* Begin PBXFileReference section */
		D0C9711519762481006D8B96 /* FWLoggerObjC.h */ = {isa = PBXFileReference; fileEncoding = 4; lastKnownFileType = sourcecode.c.h; path = FWLoggerObjC.h; sourceTree = "<group>"; };
		D0C9711719762492006D8B96 /* FWLoggerObjC.m */ = {isa = PBXFileReference; fileEncoding = 4; lastKnownFileType = sourcecode.c.objc; path = FWLoggerObjC.m; sourceTree = "<group>"; };
		D0C9711919762AD1006D8B96 /* ExamFramework-BridgeHeader.h */ = {isa = PBXFileReference; lastKnownFileType = sourcecode.c.h; path = "ExamFramework-BridgeHeader.h"; sourceTree = "<group>"; };
		D0C9711A19762D0E006D8B96 /* FWLoggerSwift.swift */ = {isa = PBXFileReference; fileEncoding = 4; lastKnownFileType = sourcecode.swift; path = FWLoggerSwift.swift; sourceTree = "<group>"; };
		D0FCC3981940B72A009F4D89 /* ExamFramework.framework */ = {isa = PBXFileReference; explicitFileType = wrapper.framework; includeInIndex = 0; path = ExamFramework.framework; sourceTree = BUILT_PRODUCTS_DIR; };
		D0FCC39C1940B72A009F4D89 /* Info.plist */ = {isa = PBXFileReference; lastKnownFileType = text.plist.xml; path = Info.plist; sourceTree = "<group>"; };
		D0FCC39D1940B72A009F4D89 /* ExamFramework.h */ = {isa = PBXFileReference; lastKnownFileType = sourcecode.c.h; path = ExamFramework.h; sourceTree = "<group>"; };
		D0FCC3E61940B9A4009F4D89 /* Calc.swift */ = {isa = PBXFileReference; fileEncoding = 4; lastKnownFileType = sourcecode.swift; path = Calc.swift; sourceTree = "<group>"; };
/* End PBXFileReference section */

/* Begin PBXFrameworksBuildPhase section */
		D0FCC3941940B72A009F4D89 /* Frameworks */ = {
			isa = PBXFrameworksBuildPhase;
			buildActionMask = 2147483647;
			files = (
			);
			runOnlyForDeploymentPostprocessing = 0;
		};
/* End PBXFrameworksBuildPhase section */

/* Begin PBXGroup section */
		D0FCC38E1940B72A009F4D89 = {
			isa = PBXGroup;
			children = (
				D0FCC39A1940B72A009F4D89 /* ExamFramework */,
				D0FCC3991940B72A009F4D89 /* Products */,
			);
			sourceTree = "<group>";
		};
		D0FCC3991940B72A009F4D89 /* Products */ = {
			isa = PBXGroup;
			children = (
				D0FCC3981940B72A009F4D89 /* ExamFramework.framework */,
			);
			name = Products;
			sourceTree = "<group>";
		};
		D0FCC39A1940B72A009F4D89 /* ExamFramework */ = {
			isa = PBXGroup;
			children = (
				D0FCC39D1940B72A009F4D89 /* ExamFramework.h */,
				D0C9711A19762D0E006D8B96 /* FWLoggerSwift.swift */,
				D0C9711519762481006D8B96 /* FWLoggerObjC.h */,
				D0C9711719762492006D8B96 /* FWLoggerObjC.m */,
				D0FCC3E61940B9A4009F4D89 /* Calc.swift */,
				D0C9711919762AD1006D8B96 /* ExamFramework-BridgeHeader.h */,
				D0FCC39B1940B72A009F4D89 /* Supporting Files */,
			);
			path = ExamFramework;
			sourceTree = "<group>";
		};
		D0FCC39B1940B72A009F4D89 /* Supporting Files */ = {
			isa = PBXGroup;
			children = (
				D0FCC39C1940B72A009F4D89 /* Info.plist */,
			);
			name = "Supporting Files";
			sourceTree = "<group>";
		};
/* End PBXGroup section */

/* Begin PBXHeadersBuildPhase section */
		D0FCC3951940B72A009F4D89 /* Headers */ = {
			isa = PBXHeadersBuildPhase;
			buildActionMask = 2147483647;
			files = (
				D0C9711619762481006D8B96 /* FWLoggerObjC.h in Headers */,
				D0FCC39E1940B72A009F4D89 /* ExamFramework.h in Headers */,
			);
			runOnlyForDeploymentPostprocessing = 0;
		};
/* End PBXHeadersBuildPhase section */

/* Begin PBXNativeTarget section */
		D0FCC3971940B72A009F4D89 /* ExamFramework */ = {
			isa = PBXNativeTarget;
			buildConfigurationList = D0FCC3AE1940B72B009F4D89 /* Build configuration list for PBXNativeTarget "ExamFramework" */;
			buildPhases = (
				D0FCC3931940B72A009F4D89 /* Sources */,
				D0FCC3941940B72A009F4D89 /* Frameworks */,
				D0FCC3951940B72A009F4D89 /* Headers */,
				D0FCC3961940B72A009F4D89 /* Resources */,
			);
			buildRules = (
			);
			dependencies = (
			);
			name = ExamFramework;
			productName = ExamFramework;
			productReference = D0FCC3981940B72A009F4D89 /* ExamFramework.framework */;
			productType = "com.apple.product-type.framework";
		};
/* End PBXNativeTarget section */

/* Begin PBXProject section */
		D0FCC38F1940B72A009F4D89 /* Project object */ = {
			isa = PBXProject;
			attributes = {
				LastUpgradeCheck = 0600;
				ORGANIZATIONNAME = sgspecial;
				TargetAttributes = {
					D0FCC3971940B72A009F4D89 = {
						CreatedOnToolsVersion = 6.0;
						DevelopmentTeam = 4KV8ZM2S63;
					};
				};
			};
			buildConfigurationList = D0FCC3921940B72A009F4D89 /* Build configuration list for PBXProject "ExamFramework" */;
			compatibilityVersion = "Xcode 3.2";
			developmentRegion = English;
			hasScannedForEncodings = 0;
			knownRegions = (
				en,
			);
			mainGroup = D0FCC38E1940B72A009F4D89;
			productRefGroup = D0FCC3991940B72A009F4D89 /* Products */;
			projectDirPath = "";
			projectRoot = "";
			targets = (
				D0FCC3971940B72A009F4D89 /* ExamFramework */,
			);
		};
/* End PBXProject section */

/* Begin PBXResourcesBuildPhase section */
		D0FCC3961940B72A009F4D89 /* Resources */ = {
			isa = PBXResourcesBuildPhase;
			buildActionMask = 2147483647;
			files = (
			);
			runOnlyForDeploymentPostprocessing = 0;
		};
/* End PBXResourcesBuildPhase section */

/* Begin PBXSourcesBuildPhase section */
		D0FCC3931940B72A009F4D89 /* Sources */ = {
			isa = PBXSourcesBuildPhase;
			buildActionMask = 2147483647;
			files = (
				D0FCC3E71940B9A4009F4D89 /* Calc.swift in Sources */,
				D0C9711B19762D0E006D8B96 /* FWLoggerSwift.swift in Sources */,
				D0C9711819762492006D8B96 /* FWLoggerObjC.m in Sources */,
			);
			runOnlyForDeploymentPostprocessing = 0;
		};
/* End PBXSourcesBuildPhase section */

/* Begin XCBuildConfiguration section */
		D0FCC3AC1940B72B009F4D89 /* Debug */ = {
			isa = XCBuildConfiguration;
			buildSettings = {
				ALWAYS_SEARCH_USER_PATHS = NO;
				ARCHS = (
					i386,
					x86_64,
					arm64,
					armv7,
					armv7s,
				);
				CLANG_CXX_LANGUAGE_STANDARD = "gnu++0x";
				CLANG_CXX_LIBRARY = "libc++";
				CLANG_ENABLE_MODULES = YES;
				CLANG_ENABLE_OBJC_ARC = YES;
				CLANG_WARN_BOOL_CONVERSION = YES;
				CLANG_WARN_CONSTANT_CONVERSION = YES;
				CLANG_WARN_DIRECT_OBJC_ISA_USAGE = YES_ERROR;
				CLANG_WARN_EMPTY_BODY = YES;
				CLANG_WARN_ENUM_CONVERSION = YES;
				CLANG_WARN_INT_CONVERSION = YES;
				CLANG_WARN_OBJC_ROOT_CLASS = YES_ERROR;
				CLANG_WARN_UNREACHABLE_CODE = YES;
				CLANG_WARN__DUPLICATE_METHOD_MATCH = YES;
				"CODE_SIGN_IDENTITY[sdk=iphoneos*]" = "iPhone Developer";
				COPY_PHASE_STRIP = NO;
				CURRENT_PROJECT_VERSION = 1;
				ENABLE_STRICT_OBJC_MSGSEND = YES;
				GCC_C_LANGUAGE_STANDARD = gnu99;
				GCC_DYNAMIC_NO_PIC = NO;
				GCC_OPTIMIZATION_LEVEL = 0;
				GCC_PREPROCESSOR_DEFINITIONS = (
					"DEBUG=1",
					"$(inherited)",
				);
				GCC_SYMBOLS_PRIVATE_EXTERN = NO;
				GCC_WARN_64_TO_32_BIT_CONVERSION = YES;
				GCC_WARN_ABOUT_RETURN_TYPE = YES_ERROR;
				GCC_WARN_UNDECLARED_SELECTOR = YES;
				GCC_WARN_UNINITIALIZED_AUTOS = YES_AGGRESSIVE;
				GCC_WARN_UNUSED_FUNCTION = YES;
				GCC_WARN_UNUSED_VARIABLE = YES;
				IPHONEOS_DEPLOYMENT_TARGET = 8.0;
				METAL_ENABLE_DEBUG_INFO = YES;
				ONLY_ACTIVE_ARCH = YES;
				SDKROOT = iphoneos;
				SWIFT_OPTIMIZATION_LEVEL = "-Onone";
				TARGETED_DEVICE_FAMILY = "1,2";
				VALID_ARCHS = "arm64 armv7 armv7s i386 x86_64";
				VERSIONING_SYSTEM = "apple-generic";
				VERSION_INFO_PREFIX = "";
			};
			name = Debug;
		};
		D0FCC3AD1940B72B009F4D89 /* Release */ = {
			isa = XCBuildConfiguration;
			buildSettings = {
				ALWAYS_SEARCH_USER_PATHS = NO;
				ARCHS = (
					i386,
					x86_64,
					arm64,
					armv7,
					armv7s,
				);
				CLANG_CXX_LANGUAGE_STANDARD = "gnu++0x";
				CLANG_CXX_LIBRARY = "libc++";
				CLANG_ENABLE_MODULES = YES;
				CLANG_ENABLE_OBJC_ARC = YES;
				CLANG_WARN_BOOL_CONVERSION = YES;
				CLANG_WARN_CONSTANT_CONVERSION = YES;
				CLANG_WARN_DIRECT_OBJC_ISA_USAGE = YES_ERROR;
				CLANG_WARN_EMPTY_BODY = YES;
				CLANG_WARN_ENUM_CONVERSION = YES;
				CLANG_WARN_INT_CONVERSION = YES;
				CLANG_WARN_OBJC_ROOT_CLASS = YES_ERROR;
				CLANG_WARN_UNREACHABLE_CODE = YES;
				CLANG_WARN__DUPLICATE_METHOD_MATCH = YES;
				"CODE_SIGN_IDENTITY[sdk=iphoneos*]" = "iPhone Developer";
				COPY_PHASE_STRIP = YES;
				CURRENT_PROJECT_VERSION = 1;
				ENABLE_NS_ASSERTIONS = NO;
				ENABLE_STRICT_OBJC_MSGSEND = YES;
				GCC_C_LANGUAGE_STANDARD = gnu99;
				GCC_WARN_64_TO_32_BIT_CONVERSION = YES;
				GCC_WARN_ABOUT_RETURN_TYPE = YES_ERROR;
				GCC_WARN_UNDECLARED_SELECTOR = YES;
				GCC_WARN_UNINITIALIZED_AUTOS = YES_AGGRESSIVE;
				GCC_WARN_UNUSED_FUNCTION = YES;
				GCC_WARN_UNUSED_VARIABLE = YES;
				IPHONEOS_DEPLOYMENT_TARGET = 8.0;
				METAL_ENABLE_DEBUG_INFO = NO;
				SDKROOT = iphoneos;
				TARGETED_DEVICE_FAMILY = "1,2";
				VALIDATE_PRODUCT = YES;
				VALID_ARCHS = "arm64 armv7 armv7s i386 x86_64";
				VERSIONING_SYSTEM = "apple-generic";
				VERSION_INFO_PREFIX = "";
			};
			name = Release;
		};
		D0FCC3AF1940B72B009F4D89 /* Debug */ = {
			isa = XCBuildConfiguration;
			buildSettings = {
				APPLICATION_EXTENSION_API_ONLY = NO;
				ARCHS = (
					"$(ARCHS_STANDARD)",
					armv7s,
					arm64,
					armv7,
				);
				CLANG_ENABLE_MODULES = YES;
				CODE_SIGN_IDENTITY = "iPhone Developer";
				DEFINES_MODULE = YES;
				DYLIB_COMPATIBILITY_VERSION = 1;
				DYLIB_CURRENT_VERSION = 1;
				DYLIB_INSTALL_NAME_BASE = "@rpath";
				FRAMEWORK_SEARCH_PATHS = (
					"$(inherited)",
					"$(DEVELOPER_FRAMEWORKS_DIR)",
				);
				INFOPLIST_FILE = ExamFramework/Info.plist;
				INSTALL_PATH = "$(LOCAL_LIBRARY_DIR)/Frameworks";
				IPHONEOS_DEPLOYMENT_TARGET = 7.0;
				LD_RUNPATH_SEARCH_PATHS = "$(inherited) @executable_path/Frameworks @loader_path/Frameworks";
				MACH_O_TYPE = mh_dylib;
				ONLY_ACTIVE_ARCH = NO;
				PRODUCT_NAME = "$(TARGET_NAME)";
				SKIP_INSTALL = YES;
				SWIFT_OBJC_BRIDGING_HEADER = "";
				SWIFT_OPTIMIZATION_LEVEL = "-Onone";
				TARGETED_DEVICE_FAMILY = "1,2";
				VALID_ARCHS = "arm64 armv7 armv7s x86_64 i386";
			};
			name = Debug;
		};
		D0FCC3B01940B72B009F4D89 /* Release */ = {
			isa = XCBuildConfiguration;
			buildSettings = {
				APPLICATION_EXTENSION_API_ONLY = NO;
				ARCHS = (
					"$(ARCHS_STANDARD)",
					armv7s,
					arm64,
					armv7,
				);
				CLANG_ENABLE_MODULES = YES;
				CODE_SIGN_IDENTITY = "iPhone Developer";
				DEFINES_MODULE = YES;
				DYLIB_COMPATIBILITY_VERSION = 1;
				DYLIB_CURRENT_VERSION = 1;
				DYLIB_INSTALL_NAME_BASE = "@rpath";
				FRAMEWORK_SEARCH_PATHS = (
					"$(inherited)",
					"$(DEVELOPER_FRAMEWORKS_DIR)",
				);
				INFOPLIST_FILE = ExamFramework/Info.plist;
				INSTALL_PATH = "$(LOCAL_LIBRARY_DIR)/Frameworks";
				IPHONEOS_DEPLOYMENT_TARGET = 7.0;
				LD_RUNPATH_SEARCH_PATHS = "$(inherited) @executable_path/Frameworks @loader_path/Frameworks";
				MACH_O_TYPE = mh_dylib;
				PRODUCT_NAME = "$(TARGET_NAME)";
				SKIP_INSTALL = YES;
				SWIFT_OBJC_BRIDGING_HEADER = "";
				TARGETED_DEVICE_FAMILY = "1,2";
				VALID_ARCHS = "arm64 armv7 armv7s x86_64 i386";
			};
			name = Release;
		};
/* End XCBuildConfiguration section */

/* Begin XCConfigurationList section */
		D0FCC3921940B72A009F4D89 /* Build configuration list for PBXProject "ExamFramework" */ = {
			isa = XCConfigurationList;
			buildConfigurations = (
				D0FCC3AC1940B72B009F4D89 /* Debug */,
				D0FCC3AD1940B72B009F4D89 /* Release */,
			);
			defaultConfigurationIsVisible = 0;
			defaultConfigurationName = Release;
		};
		D0FCC3AE1940B72B009F4D89 /* Build configuration list for PBXNativeTarget "ExamFramework" */ = {
			isa = XCConfigurationList;
			buildConfigurations = (
				D0FCC3AF1940B72B009F4D89 /* Debug */,
				D0FCC3B01940B72B009F4D89 /* Release */,
			);
			defaultConfigurationIsVisible = 0;
			defaultConfigurationName = Release;
		};
/* End XCConfigurationList section */
	};
	rootObject = D0FCC38F1940B72A009F4D89 /* Project object */;
}
